
Microsoft Visual Studio Solution File, Format Version 12.00
# Visual Studio 15
VisualStudioVersion = 15.0.27703.2018
MinimumVisualStudioVersion = 10.0.40219.1
Project("{FAE04EC0-301F-11D3-BF4B-00C04F79EFBC}") = "MinecraftWeb", "MinecraftWeb\MinecraftWeb.csproj", "{F5F6784E-F61A-494A-A657-8FFF9C6F6718}"
EndProject
Project("{E53339B2-1760-4266-BCC7-CA923CBCF16C}") = "docker-compose", "docker-compose.dcproj", "{9BF8635C-0F2D-479E-B7DA-5A7F63A72FE7}"
EndProject
Global
	GlobalSection(SolutionConfigurationPlatforms) = preSolution
		Debug|Any CPU = Debug|Any CPU
		Release|Any CPU = Release|Any CPU
	EndGlobalSection
	GlobalSection(ProjectConfigurationPlatforms) = postSolution
		{F5F6784E-F61A-494A-A657-8FFF9C6F6718}.Debug|Any CPU.ActiveCfg = Debug|Any CPU
		{F5F6784E-F61A-494A-A657-8FFF9C6F6718}.Debug|Any CPU.Build.0 = Debug|Any CPU
		{F5F6784E-F61A-494A-A657-8FFF9C6F6718}.Release|Any CPU.ActiveCfg = Release|Any CPU
		{F5F6784E-F61A-494A-A657-8FFF9C6F6718}.Release|Any CPU.Build.0 = Release|Any CPU
		{9BF8635C-0F2D-479E-B7DA-5A7F63A72FE7}.Debug|Any CPU.ActiveCfg = Debug|Any CPU
		{9BF8635C-0F2D-479E-B7DA-5A7F63A72FE7}.Debug|Any CPU.Build.0 = Debug|Any CPU
		{9BF8635C-0F2D-479E-B7DA-5A7F63A72FE7}.Release|Any CPU.ActiveCfg = Release|Any CPU
		{9BF8635C-0F2D-479E-B7DA-5A7F63A72FE7}.Release|Any CPU.Build.0 = Release|Any CPU
	EndGlobalSection
	GlobalSection(SolutionProperties) = preSolution
		HideSolutionNode = FALSE
	EndGlobalSection
	GlobalSection(ExtensibilityGlobals) = postSolution
		SolutionGuid = {7DBD4AA9-93DB-4198-8C52-95FE3413D013}
	EndGlobalSection
EndGlobal
