
Microsoft Visual Studio Solution File, Format Version 12.00
# Visual Studio 15
VisualStudioVersion = 15.0.27703.2018
MinimumVisualStudioVersion = 10.0.40219.1
Project("{9A19103F-16F7-4668-BE54-9A1E7A4F7556}") = "MinecraftLogReader", "MinecraftLogReader\MinecraftLogReader.csproj", "{16B1BF61-7D10-40A9-9D97-9863F0803586}"
EndProject
Project("{E53339B2-1760-4266-BCC7-CA923CBCF16C}") = "docker-compose", "docker-compose.dcproj", "{102F3230-E530-4F7D-B2C7-78C1CD302A78}"
EndProject
Global
	GlobalSection(SolutionConfigurationPlatforms) = preSolution
		Debug|Any CPU = Debug|Any CPU
		Release|Any CPU = Release|Any CPU
	EndGlobalSection
	GlobalSection(ProjectConfigurationPlatforms) = postSolution
		{16B1BF61-7D10-40A9-9D97-9863F0803586}.Debug|Any CPU.ActiveCfg = Debug|Any CPU
		{16B1BF61-7D10-40A9-9D97-9863F0803586}.Debug|Any CPU.Build.0 = Debug|Any CPU
		{16B1BF61-7D10-40A9-9D97-9863F0803586}.Release|Any CPU.ActiveCfg = Release|Any CPU
		{16B1BF61-7D10-40A9-9D97-9863F0803586}.Release|Any CPU.Build.0 = Release|Any CPU
		{102F3230-E530-4F7D-B2C7-78C1CD302A78}.Debug|Any CPU.ActiveCfg = Debug|Any CPU
		{102F3230-E530-4F7D-B2C7-78C1CD302A78}.Debug|Any CPU.Build.0 = Debug|Any CPU
		{102F3230-E530-4F7D-B2C7-78C1CD302A78}.Release|Any CPU.ActiveCfg = Release|Any CPU
		{102F3230-E530-4F7D-B2C7-78C1CD302A78}.Release|Any CPU.Build.0 = Release|Any CPU
	EndGlobalSection
	GlobalSection(SolutionProperties) = preSolution
		HideSolutionNode = FALSE
	EndGlobalSection
	GlobalSection(ExtensibilityGlobals) = postSolution
		SolutionGuid = {46CAFCF2-1743-400B-88C3-526FA1B23554}
	EndGlobalSection
EndGlobal
